
Microsoft Visual Studio Solution File, Format Version 12.00
# Visual Studio 2013
VisualStudioVersion = 12.0.31101.0
MinimumVisualStudioVersion = 10.0.40219.1
Project("{FAE04EC0-301F-11D3-BF4B-00C04F79EFBC}") = "Fonitor", "Fonitor\Fonitor.csproj", "{FAC1B2D2-0202-4957-BB4B-F726EA89AE5C}"
EndProject
Project("{FAE04EC0-301F-11D3-BF4B-00C04F79EFBC}") = "Fonitor.Tests", "Fonitor.Tests\Fonitor.Tests.csproj", "{1DF7070F-A95D-424A-A84E-4FA058538C27}"
EndProject
Project("{FAE04EC0-301F-11D3-BF4B-00C04F79EFBC}") = "Fonitor.Data", "Fonitor.Data\Fonitor.Data.csproj", "{F6CD24F9-E671-4EE3-8C6E-40B73B532634}"
EndProject
Project("{FAE04EC0-301F-11D3-BF4B-00C04F79EFBC}") = "ImageComparison", "ImageComparison\ImageComparison.csproj", "{B4F4A3B1-0448-458F-BC46-F022A028DDAB}"
EndProject
Project("{FAE04EC0-301F-11D3-BF4B-00C04F79EFBC}") = "Fonitor.Jobs", "Fonitor.Jobs\Fonitor.Jobs.csproj", "{9550774D-E843-4F46-B56C-B52BBD1811DF}"
EndProject
Project("{FAE04EC0-301F-11D3-BF4B-00C04F79EFBC}") = "Fonitor.Notification", "Fonitor.Notification\Fonitor.Notification.csproj", "{3CA9CBAB-4CF8-4A88-BBD9-34E0E5109572}"
EndProject
Project("{FAE04EC0-301F-11D3-BF4B-00C04F79EFBC}") = "Fonitor.SimpleClient", "Fonitor.SimpleClient\Fonitor.SimpleClient.csproj", "{D97E287F-3E00-4790-84EF-F68A2944E9B0}"
EndProject
Global
	GlobalSection(SolutionConfigurationPlatforms) = preSolution
		Debug|Any CPU = Debug|Any CPU
		Debug|ARM = Debug|ARM
		Debug|Mixed Platforms = Debug|Mixed Platforms
		Debug|x64 = Debug|x64
		Debug|x86 = Debug|x86
		Release|Any CPU = Release|Any CPU
		Release|ARM = Release|ARM
		Release|Mixed Platforms = Release|Mixed Platforms
		Release|x64 = Release|x64
		Release|x86 = Release|x86
	EndGlobalSection
	GlobalSection(ProjectConfigurationPlatforms) = postSolution
		{FAC1B2D2-0202-4957-BB4B-F726EA89AE5C}.Debug|Any CPU.ActiveCfg = Debug|Any CPU
		{FAC1B2D2-0202-4957-BB4B-F726EA89AE5C}.Debug|Any CPU.Build.0 = Debug|Any CPU
		{FAC1B2D2-0202-4957-BB4B-F726EA89AE5C}.Debug|ARM.ActiveCfg = Debug|Any CPU
		{FAC1B2D2-0202-4957-BB4B-F726EA89AE5C}.Debug|Mixed Platforms.ActiveCfg = Debug|Any CPU
		{FAC1B2D2-0202-4957-BB4B-F726EA89AE5C}.Debug|Mixed Platforms.Build.0 = Debug|Any CPU
		{FAC1B2D2-0202-4957-BB4B-F726EA89AE5C}.Debug|x64.ActiveCfg = Debug|Any CPU
		{FAC1B2D2-0202-4957-BB4B-F726EA89AE5C}.Debug|x86.ActiveCfg = Debug|Any CPU
		{FAC1B2D2-0202-4957-BB4B-F726EA89AE5C}.Release|Any CPU.ActiveCfg = Release|Any CPU
		{FAC1B2D2-0202-4957-BB4B-F726EA89AE5C}.Release|Any CPU.Build.0 = Release|Any CPU
		{FAC1B2D2-0202-4957-BB4B-F726EA89AE5C}.Release|ARM.ActiveCfg = Release|Any CPU
		{FAC1B2D2-0202-4957-BB4B-F726EA89AE5C}.Release|Mixed Platforms.ActiveCfg = Release|Any CPU
		{FAC1B2D2-0202-4957-BB4B-F726EA89AE5C}.Release|Mixed Platforms.Build.0 = Release|Any CPU
		{FAC1B2D2-0202-4957-BB4B-F726EA89AE5C}.Release|x64.ActiveCfg = Release|Any CPU
		{FAC1B2D2-0202-4957-BB4B-F726EA89AE5C}.Release|x86.ActiveCfg = Release|Any CPU
		{1DF7070F-A95D-424A-A84E-4FA058538C27}.Debug|Any CPU.ActiveCfg = Debug|Any CPU
		{1DF7070F-A95D-424A-A84E-4FA058538C27}.Debug|Any CPU.Build.0 = Debug|Any CPU
		{1DF7070F-A95D-424A-A84E-4FA058538C27}.Debug|ARM.ActiveCfg = Debug|Any CPU
		{1DF7070F-A95D-424A-A84E-4FA058538C27}.Debug|Mixed Platforms.ActiveCfg = Debug|Any CPU
		{1DF7070F-A95D-424A-A84E-4FA058538C27}.Debug|Mixed Platforms.Build.0 = Debug|Any CPU
		{1DF7070F-A95D-424A-A84E-4FA058538C27}.Debug|x64.ActiveCfg = Debug|Any CPU
		{1DF7070F-A95D-424A-A84E-4FA058538C27}.Debug|x86.ActiveCfg = Debug|Any CPU
		{1DF7070F-A95D-424A-A84E-4FA058538C27}.Release|Any CPU.ActiveCfg = Release|Any CPU
		{1DF7070F-A95D-424A-A84E-4FA058538C27}.Release|Any CPU.Build.0 = Release|Any CPU
		{1DF7070F-A95D-424A-A84E-4FA058538C27}.Release|ARM.ActiveCfg = Release|Any CPU
		{1DF7070F-A95D-424A-A84E-4FA058538C27}.Release|Mixed Platforms.ActiveCfg = Release|Any CPU
		{1DF7070F-A95D-424A-A84E-4FA058538C27}.Release|Mixed Platforms.Build.0 = Release|Any CPU
		{1DF7070F-A95D-424A-A84E-4FA058538C27}.Release|x64.ActiveCfg = Release|Any CPU
		{1DF7070F-A95D-424A-A84E-4FA058538C27}.Release|x86.ActiveCfg = Release|Any CPU
		{F6CD24F9-E671-4EE3-8C6E-40B73B532634}.Debug|Any CPU.ActiveCfg = Debug|Any CPU
		{F6CD24F9-E671-4EE3-8C6E-40B73B532634}.Debug|Any CPU.Build.0 = Debug|Any CPU
		{F6CD24F9-E671-4EE3-8C6E-40B73B532634}.Debug|ARM.ActiveCfg = Debug|Any CPU
		{F6CD24F9-E671-4EE3-8C6E-40B73B532634}.Debug|Mixed Platforms.ActiveCfg = Debug|Any CPU
		{F6CD24F9-E671-4EE3-8C6E-40B73B532634}.Debug|Mixed Platforms.Build.0 = Debug|Any CPU
		{F6CD24F9-E671-4EE3-8C6E-40B73B532634}.Debug|x64.ActiveCfg = Debug|Any CPU
		{F6CD24F9-E671-4EE3-8C6E-40B73B532634}.Debug|x86.ActiveCfg = Debug|Any CPU
		{F6CD24F9-E671-4EE3-8C6E-40B73B532634}.Release|Any CPU.ActiveCfg = Release|Any CPU
		{F6CD24F9-E671-4EE3-8C6E-40B73B532634}.Release|Any CPU.Build.0 = Release|Any CPU
		{F6CD24F9-E671-4EE3-8C6E-40B73B532634}.Release|ARM.ActiveCfg = Release|Any CPU
		{F6CD24F9-E671-4EE3-8C6E-40B73B532634}.Release|Mixed Platforms.ActiveCfg = Release|Any CPU
		{F6CD24F9-E671-4EE3-8C6E-40B73B532634}.Release|Mixed Platforms.Build.0 = Release|Any CPU
		{F6CD24F9-E671-4EE3-8C6E-40B73B532634}.Release|x64.ActiveCfg = Release|Any CPU
		{F6CD24F9-E671-4EE3-8C6E-40B73B532634}.Release|x86.ActiveCfg = Release|Any CPU
		{B4F4A3B1-0448-458F-BC46-F022A028DDAB}.Debug|Any CPU.ActiveCfg = Debug|Any CPU
		{B4F4A3B1-0448-458F-BC46-F022A028DDAB}.Debug|Any CPU.Build.0 = Debug|Any CPU
		{B4F4A3B1-0448-458F-BC46-F022A028DDAB}.Debug|ARM.ActiveCfg = Debug|Any CPU
		{B4F4A3B1-0448-458F-BC46-F022A028DDAB}.Debug|Mixed Platforms.ActiveCfg = Debug|Any CPU
		{B4F4A3B1-0448-458F-BC46-F022A028DDAB}.Debug|Mixed Platforms.Build.0 = Debug|Any CPU
		{B4F4A3B1-0448-458F-BC46-F022A028DDAB}.Debug|x64.ActiveCfg = Debug|Any CPU
		{B4F4A3B1-0448-458F-BC46-F022A028DDAB}.Debug|x86.ActiveCfg = Debug|Any CPU
		{B4F4A3B1-0448-458F-BC46-F022A028DDAB}.Release|Any CPU.ActiveCfg = Release|Any CPU
		{B4F4A3B1-0448-458F-BC46-F022A028DDAB}.Release|Any CPU.Build.0 = Release|Any CPU
		{B4F4A3B1-0448-458F-BC46-F022A028DDAB}.Release|ARM.ActiveCfg = Release|Any CPU
		{B4F4A3B1-0448-458F-BC46-F022A028DDAB}.Release|Mixed Platforms.ActiveCfg = Release|Any CPU
		{B4F4A3B1-0448-458F-BC46-F022A028DDAB}.Release|Mixed Platforms.Build.0 = Release|Any CPU
		{B4F4A3B1-0448-458F-BC46-F022A028DDAB}.Release|x64.ActiveCfg = Release|Any CPU
		{B4F4A3B1-0448-458F-BC46-F022A028DDAB}.Release|x86.ActiveCfg = Release|Any CPU
		{9550774D-E843-4F46-B56C-B52BBD1811DF}.Debug|Any CPU.ActiveCfg = Debug|Any CPU
		{9550774D-E843-4F46-B56C-B52BBD1811DF}.Debug|Any CPU.Build.0 = Debug|Any CPU
		{9550774D-E843-4F46-B56C-B52BBD1811DF}.Debug|ARM.ActiveCfg = Debug|Any CPU
		{9550774D-E843-4F46-B56C-B52BBD1811DF}.Debug|Mixed Platforms.ActiveCfg = Debug|Any CPU
		{9550774D-E843-4F46-B56C-B52BBD1811DF}.Debug|Mixed Platforms.Build.0 = Debug|Any CPU
		{9550774D-E843-4F46-B56C-B52BBD1811DF}.Debug|x64.ActiveCfg = Debug|Any CPU
		{9550774D-E843-4F46-B56C-B52BBD1811DF}.Debug|x86.ActiveCfg = Debug|Any CPU
		{9550774D-E843-4F46-B56C-B52BBD1811DF}.Release|Any CPU.ActiveCfg = Release|Any CPU
		{9550774D-E843-4F46-B56C-B52BBD1811DF}.Release|Any CPU.Build.0 = Release|Any CPU
		{9550774D-E843-4F46-B56C-B52BBD1811DF}.Release|ARM.ActiveCfg = Release|Any CPU
		{9550774D-E843-4F46-B56C-B52BBD1811DF}.Release|Mixed Platforms.ActiveCfg = Release|Any CPU
		{9550774D-E843-4F46-B56C-B52BBD1811DF}.Release|Mixed Platforms.Build.0 = Release|Any CPU
		{9550774D-E843-4F46-B56C-B52BBD1811DF}.Release|x64.ActiveCfg = Release|Any CPU
		{9550774D-E843-4F46-B56C-B52BBD1811DF}.Release|x86.ActiveCfg = Release|Any CPU
		{3CA9CBAB-4CF8-4A88-BBD9-34E0E5109572}.Debug|Any CPU.ActiveCfg = Debug|Any CPU
		{3CA9CBAB-4CF8-4A88-BBD9-34E0E5109572}.Debug|Any CPU.Build.0 = Debug|Any CPU
		{3CA9CBAB-4CF8-4A88-BBD9-34E0E5109572}.Debug|ARM.ActiveCfg = Debug|Any CPU
		{3CA9CBAB-4CF8-4A88-BBD9-34E0E5109572}.Debug|Mixed Platforms.ActiveCfg = Debug|Any CPU
		{3CA9CBAB-4CF8-4A88-BBD9-34E0E5109572}.Debug|Mixed Platforms.Build.0 = Debug|Any CPU
		{3CA9CBAB-4CF8-4A88-BBD9-34E0E5109572}.Debug|x64.ActiveCfg = Debug|Any CPU
		{3CA9CBAB-4CF8-4A88-BBD9-34E0E5109572}.Debug|x86.ActiveCfg = Debug|Any CPU
		{3CA9CBAB-4CF8-4A88-BBD9-34E0E5109572}.Release|Any CPU.ActiveCfg = Release|Any CPU
		{3CA9CBAB-4CF8-4A88-BBD9-34E0E5109572}.Release|Any CPU.Build.0 = Release|Any CPU
		{3CA9CBAB-4CF8-4A88-BBD9-34E0E5109572}.Release|ARM.ActiveCfg = Release|Any CPU
		{3CA9CBAB-4CF8-4A88-BBD9-34E0E5109572}.Release|Mixed Platforms.ActiveCfg = Release|Any CPU
		{3CA9CBAB-4CF8-4A88-BBD9-34E0E5109572}.Release|Mixed Platforms.Build.0 = Release|Any CPU
		{3CA9CBAB-4CF8-4A88-BBD9-34E0E5109572}.Release|x64.ActiveCfg = Release|Any CPU
		{3CA9CBAB-4CF8-4A88-BBD9-34E0E5109572}.Release|x86.ActiveCfg = Release|Any CPU
		{D97E287F-3E00-4790-84EF-F68A2944E9B0}.Debug|Any CPU.ActiveCfg = Debug|Any CPU
		{D97E287F-3E00-4790-84EF-F68A2944E9B0}.Debug|Any CPU.Build.0 = Debug|Any CPU
		{D97E287F-3E00-4790-84EF-F68A2944E9B0}.Debug|Any CPU.Deploy.0 = Debug|Any CPU
		{D97E287F-3E00-4790-84EF-F68A2944E9B0}.Debug|ARM.ActiveCfg = Debug|ARM
		{D97E287F-3E00-4790-84EF-F68A2944E9B0}.Debug|ARM.Build.0 = Debug|ARM
		{D97E287F-3E00-4790-84EF-F68A2944E9B0}.Debug|ARM.Deploy.0 = Debug|ARM
		{D97E287F-3E00-4790-84EF-F68A2944E9B0}.Debug|Mixed Platforms.ActiveCfg = Debug|x86
		{D97E287F-3E00-4790-84EF-F68A2944E9B0}.Debug|Mixed Platforms.Build.0 = Debug|x86
		{D97E287F-3E00-4790-84EF-F68A2944E9B0}.Debug|Mixed Platforms.Deploy.0 = Debug|x86
		{D97E287F-3E00-4790-84EF-F68A2944E9B0}.Debug|x64.ActiveCfg = Debug|Any CPU
		{D97E287F-3E00-4790-84EF-F68A2944E9B0}.Debug|x86.ActiveCfg = Debug|x86
		{D97E287F-3E00-4790-84EF-F68A2944E9B0}.Debug|x86.Build.0 = Debug|x86
		{D97E287F-3E00-4790-84EF-F68A2944E9B0}.Debug|x86.Deploy.0 = Debug|x86
		{D97E287F-3E00-4790-84EF-F68A2944E9B0}.Release|Any CPU.ActiveCfg = Release|Any CPU
		{D97E287F-3E00-4790-84EF-F68A2944E9B0}.Release|Any CPU.Build.0 = Release|Any CPU
		{D97E287F-3E00-4790-84EF-F68A2944E9B0}.Release|Any CPU.Deploy.0 = Release|Any CPU
		{D97E287F-3E00-4790-84EF-F68A2944E9B0}.Release|ARM.ActiveCfg = Release|ARM
		{D97E287F-3E00-4790-84EF-F68A2944E9B0}.Release|ARM.Build.0 = Release|ARM
		{D97E287F-3E00-4790-84EF-F68A2944E9B0}.Release|ARM.Deploy.0 = Release|ARM
		{D97E287F-3E00-4790-84EF-F68A2944E9B0}.Release|Mixed Platforms.ActiveCfg = Release|x86
		{D97E287F-3E00-4790-84EF-F68A2944E9B0}.Release|Mixed Platforms.Build.0 = Release|x86
		{D97E287F-3E00-4790-84EF-F68A2944E9B0}.Release|Mixed Platforms.Deploy.0 = Release|x86
		{D97E287F-3E00-4790-84EF-F68A2944E9B0}.Release|x64.ActiveCfg = Release|Any CPU
		{D97E287F-3E00-4790-84EF-F68A2944E9B0}.Release|x86.ActiveCfg = Release|x86
		{D97E287F-3E00-4790-84EF-F68A2944E9B0}.Release|x86.Build.0 = Release|x86
		{D97E287F-3E00-4790-84EF-F68A2944E9B0}.Release|x86.Deploy.0 = Release|x86
	EndGlobalSection
	GlobalSection(SolutionProperties) = preSolution
		HideSolutionNode = FALSE
	EndGlobalSection
EndGlobal
